Microsoft Visual Studio Solution File, Format Version 11.00
# Visual Studio 2008

Project("{504628E2-ABDE-B8DC-7A54-1936172CCCF0}") = "Free_Lives_Jam", "Assembly-CSharp.csproj", "{203D84C6-4FBF-6EC3-3251-B556ED43893E}"
EndProject
Project("{504628E2-ABDE-B8DC-7A54-1936172CCCF0}") = "Free_Lives_Jam", "Assembly-CSharp-Editor.csproj", "{8F164916-D9C1-5EC4-3A63-824D543288EE}"
EndProject
Global
	GlobalSection(SolutionConfigurationPlatforms) = preSolution
		Debug|Any CPU = Debug|Any CPU
		Release|Any CPU = Release|Any CPU
	EndGlobalSection
	GlobalSection(ProjectConfigurationPlatforms) = postSolution
		{203D84C6-4FBF-6EC3-3251-B556ED43893E}.Debug|Any CPU.ActiveCfg = Debug|Any CPU
		{203D84C6-4FBF-6EC3-3251-B556ED43893E}.Debug|Any CPU.Build.0 = Debug|Any CPU
		{203D84C6-4FBF-6EC3-3251-B556ED43893E}.Release|Any CPU.ActiveCfg = Release|Any CPU
		{203D84C6-4FBF-6EC3-3251-B556ED43893E}.Release|Any CPU.Build.0 = Release|Any CPU
		{8F164916-D9C1-5EC4-3A63-824D543288EE}.Debug|Any CPU.ActiveCfg = Debug|Any CPU
		{8F164916-D9C1-5EC4-3A63-824D543288EE}.Debug|Any CPU.Build.0 = Debug|Any CPU
		{8F164916-D9C1-5EC4-3A63-824D543288EE}.Release|Any CPU.ActiveCfg = Release|Any CPU
		{8F164916-D9C1-5EC4-3A63-824D543288EE}.Release|Any CPU.Build.0 = Release|Any CPU
	EndGlobalSection
	GlobalSection(SolutionProperties) = preSolution
		HideSolutionNode = FALSE
	EndGlobalSection
	GlobalSection(MonoDevelopProperties) = preSolution
		StartupItem = Assembly-CSharp.csproj
	EndGlobalSection
EndGlobal
